
Microsoft Visual Studio Solution File, Format Version 12.00
# Visual Studio Version 16
VisualStudioVersion = 16.0.30621.155
MinimumVisualStudioVersion = 10.0.40219.1
Project("{FAE04EC0-301F-11D3-BF4B-00C04F79EFBC}") = "Capture", "Capture\Capture.csproj", "{78ABC340-E59F-43B0-A4C6-3FEA4BA8D090}"
EndProject
Global
	GlobalSection(SolutionConfigurationPlatforms) = preSolution
		Debug|Any CPU = Debug|Any CPU
		Release|Any CPU = Release|Any CPU
	EndGlobalSection
	GlobalSection(ProjectConfigurationPlatforms) = postSolution
		{78ABC340-E59F-43B0-A4C6-3FEA4BA8D090}.Debug|Any CPU.ActiveCfg = Debug|Any CPU
		{78ABC340-E59F-43B0-A4C6-3FEA4BA8D090}.Debug|Any CPU.Build.0 = Debug|Any CPU
		{78ABC340-E59F-43B0-A4C6-3FEA4BA8D090}.Release|Any CPU.ActiveCfg = Release|Any CPU
		{78ABC340-E59F-43B0-A4C6-3FEA4BA8D090}.Release|Any CPU.Build.0 = Release|Any CPU
	EndGlobalSection
	GlobalSection(SolutionProperties) = preSolution
		HideSolutionNode = FALSE
	EndGlobalSection
	GlobalSection(ExtensibilityGlobals) = postSolution
		SolutionGuid = {DE77C894-33B1-442A-A8B6-AB50C9A3C7A7}
	EndGlobalSection
EndGlobal
